// !$*UTF8*$!
{
	archiveVersion = 1;
	classes = {
	};
	objectVersion = 56;
	objects = {

/* Begin PBXBuildFile section */
		47C40EE9295CB930007C27F0 /* SceneDelegate.swift in Sources */ = {isa = PBXBuildFile; fileRef = 47C40EE8295CB930007C27F0 /* SceneDelegate.swift */; };
		47C40EEB295CB930007C27F0 /* ViewController.swift in Sources */ = {isa = PBXBuildFile; fileRef = 47C40EEA295CB930007C27F0 /* ViewController.swift */; };
		47C40EEE295CB930007C27F0 /* Main.storyboard in Resources */ = {isa = PBXBuildFile; fileRef = 47C40EEC295CB930007C27F0 /* Main.storyboard */; };
		47C40EF0295CB931007C27F0 /* Assets.xcassets in Resources */ = {isa = PBXBuildFile; fileRef = 47C40EEF295CB931007C27F0 /* Assets.xcassets */; };
		47C40EF3295CB931007C27F0 /* LaunchScreen.storyboard in Resources */ = {isa = PBXBuildFile; fileRef = 47C40EF1295CB931007C27F0 /* LaunchScreen.storyboard */; };
		47C40EFE295CB931007C27F0 /* uscdatingclub_iosTests.swift in Sources */ = {isa = PBXBuildFile; fileRef = 47C40EFD295CB931007C27F0 /* uscdatingclub_iosTests.swift */; };
		47C40F08295CB931007C27F0 /* uscdatingclub_iosUITests.swift in Sources */ = {isa = PBXBuildFile; fileRef = 47C40F07295CB931007C27F0 /* uscdatingclub_iosUITests.swift */; };
		47C40F0A295CB931007C27F0 /* uscdatingclub_iosUITestsLaunchTests.swift in Sources */ = {isa = PBXBuildFile; fileRef = 47C40F09295CB931007C27F0 /* uscdatingclub_iosUITestsLaunchTests.swift */; };
		47C40F17295CBAB7007C27F0 /* GoogleService-Info.plist in Resources */ = {isa = PBXBuildFile; fileRef = 47C40F16295CBAB7007C27F0 /* GoogleService-Info.plist */; };
		47C40F5F295CBAF0007C27F0 /* Feature.swift in Sources */ = {isa = PBXBuildFile; fileRef = 47C40F5C295CBAF0007C27F0 /* Feature.swift */; };
		47C40F60295CBAF0007C27F0 /* DeviceService.swift in Sources */ = {isa = PBXBuildFile; fileRef = 47C40F5D295CBAF0007C27F0 /* DeviceService.swift */; };
		47C40F61295CBAF0007C27F0 /* Device.swift in Sources */ = {isa = PBXBuildFile; fileRef = 47C40F5E295CBAF0007C27F0 /* Device.swift */; };
		47C40F66295CBAFE007C27F0 /* AppStoreReviewManager.swift in Sources */ = {isa = PBXBuildFile; fileRef = 47C40F63295CBAFE007C27F0 /* AppStoreReviewManager.swift */; };
		47C40F67295CBAFE007C27F0 /* NotificationsManager.swift in Sources */ = {isa = PBXBuildFile; fileRef = 47C40F64295CBAFE007C27F0 /* NotificationsManager.swift */; };
		47C40F68295CBAFE007C27F0 /* LocationManager.swift in Sources */ = {isa = PBXBuildFile; fileRef = 47C40F65295CBAFE007C27F0 /* LocationManager.swift */; };
		47C40F6B295CBB41007C27F0 /* FirebaseAnalytics in Frameworks */ = {isa = PBXBuildFile; productRef = 47C40F6A295CBB41007C27F0 /* FirebaseAnalytics */; };
		47C40F6D295CBB41007C27F0 /* FirebaseAnalyticsSwift in Frameworks */ = {isa = PBXBuildFile; productRef = 47C40F6C295CBB41007C27F0 /* FirebaseAnalyticsSwift */; };
		47C40F6F295CBB41007C27F0 /* FirebaseAppCheck in Frameworks */ = {isa = PBXBuildFile; productRef = 47C40F6E295CBB41007C27F0 /* FirebaseAppCheck */; };
		47C40F71295CBB41007C27F0 /* FirebaseCrashlytics in Frameworks */ = {isa = PBXBuildFile; productRef = 47C40F70295CBB41007C27F0 /* FirebaseCrashlytics */; };
		47C40F73295CBB41007C27F0 /* FirebaseDynamicLinks in Frameworks */ = {isa = PBXBuildFile; productRef = 47C40F72295CBB41007C27F0 /* FirebaseDynamicLinks */; };
		47C40F75295CBB42007C27F0 /* FirebaseFirestore in Frameworks */ = {isa = PBXBuildFile; productRef = 47C40F74295CBB42007C27F0 /* FirebaseFirestore */; };
		47C40F77295CBB42007C27F0 /* FirebaseFirestoreSwift in Frameworks */ = {isa = PBXBuildFile; productRef = 47C40F76295CBB42007C27F0 /* FirebaseFirestoreSwift */; };
		47C40F79295CBB42007C27F0 /* FirebasePerformance in Frameworks */ = {isa = PBXBuildFile; productRef = 47C40F78295CBB42007C27F0 /* FirebasePerformance */; };
		47C40F7B295CBB42007C27F0 /* FirebaseRemoteConfig in Frameworks */ = {isa = PBXBuildFile; productRef = 47C40F7A295CBB42007C27F0 /* FirebaseRemoteConfig */; };
		47C40F7D295CBB42007C27F0 /* FirebaseRemoteConfigSwift in Frameworks */ = {isa = PBXBuildFile; productRef = 47C40F7C295CBB42007C27F0 /* FirebaseRemoteConfigSwift */; };
		47C40F8C295CBBBD007C27F0 /* NotificationResponseHandler.swift in Sources */ = {isa = PBXBuildFile; fileRef = 47C40F80295CBBBD007C27F0 /* NotificationResponseHandler.swift */; };
		47C40F8E295CBBBD007C27F0 /* Constants.swift in Sources */ = {isa = PBXBuildFile; fileRef = 47C40F83295CBBBD007C27F0 /* Constants.swift */; };
		47C40F8F295CBBBD007C27F0 /* RemoteConfig.swift in Sources */ = {isa = PBXBuildFile; fileRef = 47C40F84295CBBBD007C27F0 /* RemoteConfig.swift */; };
		47C40F91295CBBBD007C27F0 /* Color+Hex.swift in Sources */ = {isa = PBXBuildFile; fileRef = 47C40F87295CBBBD007C27F0 /* Color+Hex.swift */; };
		47C40F94295CBBBD007C27F0 /* Encodable+Dict.swift in Sources */ = {isa = PBXBuildFile; fileRef = 47C40F8A295CBBBD007C27F0 /* Encodable+Dict.swift */; };
		47C40F95295CBBBD007C27F0 /* AppDelegate.swift in Sources */ = {isa = PBXBuildFile; fileRef = 47C40F8B295CBBBD007C27F0 /* AppDelegate.swift */; };
/* End PBXBuildFile section */

/* Begin PBXContainerItemProxy section */
		47C40EFA295CB931007C27F0 /* PBXContainerItemProxy */ = {
			isa = PBXContainerItemProxy;
			containerPortal = 47C40EDB295CB930007C27F0 /* Project object */;
			proxyType = 1;
			remoteGlobalIDString = 47C40EE2295CB930007C27F0;
			remoteInfo = "uscdatingclub-ios";
		};
		47C40F04295CB931007C27F0 /* PBXContainerItemProxy */ = {
			isa = PBXContainerItemProxy;
			containerPortal = 47C40EDB295CB930007C27F0 /* Project object */;
			proxyType = 1;
			remoteGlobalIDString = 47C40EE2295CB930007C27F0;
			remoteInfo = "uscdatingclub-ios";
		};
/* End PBXContainerItemProxy section */

/* Begin PBXFileReference section */
		47C40EE3295CB930007C27F0 /* uscdatingclub-ios.app */ = {isa = PBXFileReference; explicitFileType = wrapper.application; includeInIndex = 0; path = "uscdatingclub-ios.app"; sourceTree = BUILT_PRODUCTS_DIR; };
		47C40EE8295CB930007C27F0 /* SceneDelegate.swift */ = {isa = PBXFileReference; lastKnownFileType = sourcecode.swift; path = SceneDelegate.swift; sourceTree = "<group>"; };
		47C40EEA295CB930007C27F0 /* ViewController.swift */ = {isa = PBXFileReference; lastKnownFileType = sourcecode.swift; path = ViewController.swift; sourceTree = "<group>"; };
		47C40EED295CB930007C27F0 /* Base */ = {isa = PBXFileReference; lastKnownFileType = file.storyboard; name = Base; path = Base.lproj/Main.storyboard; sourceTree = "<group>"; };
		47C40EEF295CB931007C27F0 /* Assets.xcassets */ = {isa = PBXFileReference; lastKnownFileType = folder.assetcatalog; path = Assets.xcassets; sourceTree = "<group>"; };
		47C40EF2295CB931007C27F0 /* Base */ = {isa = PBXFileReference; lastKnownFileType = file.storyboard; name = Base; path = Base.lproj/LaunchScreen.storyboard; sourceTree = "<group>"; };
		47C40EF4295CB931007C27F0 /* Info.plist */ = {isa = PBXFileReference; lastKnownFileType = text.plist.xml; path = Info.plist; sourceTree = "<group>"; };
		47C40EF9295CB931007C27F0 /* uscdatingclub-iosTests.xctest */ = {isa = PBXFileReference; explicitFileType = wrapper.cfbundle; includeInIndex = 0; path = "uscdatingclub-iosTests.xctest"; sourceTree = BUILT_PRODUCTS_DIR; };
		47C40EFD295CB931007C27F0 /* uscdatingclub_iosTests.swift */ = {isa = PBXFileReference; lastKnownFileType = sourcecode.swift; path = uscdatingclub_iosTests.swift; sourceTree = "<group>"; };
		47C40F03295CB931007C27F0 /* uscdatingclub-iosUITests.xctest */ = {isa = PBXFileReference; explicitFileType = wrapper.cfbundle; includeInIndex = 0; path = "uscdatingclub-iosUITests.xctest"; sourceTree = BUILT_PRODUCTS_DIR; };
		47C40F07295CB931007C27F0 /* uscdatingclub_iosUITests.swift */ = {isa = PBXFileReference; lastKnownFileType = sourcecode.swift; path = uscdatingclub_iosUITests.swift; sourceTree = "<group>"; };
		47C40F09295CB931007C27F0 /* uscdatingclub_iosUITestsLaunchTests.swift */ = {isa = PBXFileReference; lastKnownFileType = sourcecode.swift; path = uscdatingclub_iosUITestsLaunchTests.swift; sourceTree = "<group>"; };
		47C40F16295CBAB7007C27F0 /* GoogleService-Info.plist */ = {isa = PBXFileReference; fileEncoding = 4; lastKnownFileType = text.plist.xml; path = "GoogleService-Info.plist"; sourceTree = "<group>"; };
		47C40F5C295CBAF0007C27F0 /* Feature.swift */ = {isa = PBXFileReference; fileEncoding = 4; lastKnownFileType = sourcecode.swift; path = Feature.swift; sourceTree = "<group>"; };
		47C40F5D295CBAF0007C27F0 /* DeviceService.swift */ = {isa = PBXFileReference; fileEncoding = 4; lastKnownFileType = sourcecode.swift; path = DeviceService.swift; sourceTree = "<group>"; };
		47C40F5E295CBAF0007C27F0 /* Device.swift */ = {isa = PBXFileReference; fileEncoding = 4; lastKnownFileType = sourcecode.swift; path = Device.swift; sourceTree = "<group>"; };
		47C40F63295CBAFE007C27F0 /* AppStoreReviewManager.swift */ = {isa = PBXFileReference; fileEncoding = 4; lastKnownFileType = sourcecode.swift; path = AppStoreReviewManager.swift; sourceTree = "<group>"; };
		47C40F64295CBAFE007C27F0 /* NotificationsManager.swift */ = {isa = PBXFileReference; fileEncoding = 4; lastKnownFileType = sourcecode.swift; path = NotificationsManager.swift; sourceTree = "<group>"; };
		47C40F65295CBAFE007C27F0 /* LocationManager.swift */ = {isa = PBXFileReference; fileEncoding = 4; lastKnownFileType = sourcecode.swift; path = LocationManager.swift; sourceTree = "<group>"; };
		47C40F7E295CBB6A007C27F0 /* uscdatingclub-ios.entitlements */ = {isa = PBXFileReference; lastKnownFileType = text.plist.entitlements; path = "uscdatingclub-ios.entitlements"; sourceTree = "<group>"; };
		47C40F80295CBBBD007C27F0 /* NotificationResponseHandler.swift */ = {isa = PBXFileReference; fileEncoding = 4; lastKnownFileType = sourcecode.swift; path = NotificationResponseHandler.swift; sourceTree = "<group>"; };
		47C40F83295CBBBD007C27F0 /* Constants.swift */ = {isa = PBXFileReference; fileEncoding = 4; lastKnownFileType = sourcecode.swift; path = Constants.swift; sourceTree = "<group>"; };
		47C40F84295CBBBD007C27F0 /* RemoteConfig.swift */ = {isa = PBXFileReference; fileEncoding = 4; lastKnownFileType = sourcecode.swift; path = RemoteConfig.swift; sourceTree = "<group>"; };
		47C40F87295CBBBD007C27F0 /* Color+Hex.swift */ = {isa = PBXFileReference; fileEncoding = 4; lastKnownFileType = sourcecode.swift; path = "Color+Hex.swift"; sourceTree = "<group>"; };
		47C40F8A295CBBBD007C27F0 /* Encodable+Dict.swift */ = {isa = PBXFileReference; fileEncoding = 4; lastKnownFileType = sourcecode.swift; path = "Encodable+Dict.swift"; sourceTree = "<group>"; };
		47C40F8B295CBBBD007C27F0 /* AppDelegate.swift */ = {isa = PBXFileReference; fileEncoding = 4; lastKnownFileType = sourcecode.swift; path = AppDelegate.swift; sourceTree = "<group>"; };
/* End PBXFileReference section */

/* Begin PBXFrameworksBuildPhase section */
		47C40EE0295CB930007C27F0 /* Frameworks */ = {
			isa = PBXFrameworksBuildPhase;
			buildActionMask = 2147483647;
			files = (
				47C40F7B295CBB42007C27F0 /* FirebaseRemoteConfig in Frameworks */,
				47C40F6D295CBB41007C27F0 /* FirebaseAnalyticsSwift in Frameworks */,
				47C40F71295CBB41007C27F0 /* FirebaseCrashlytics in Frameworks */,
				47C40F6F295CBB41007C27F0 /* FirebaseAppCheck in Frameworks */,
				47C40F77295CBB42007C27F0 /* FirebaseFirestoreSwift in Frameworks */,
				47C40F6B295CBB41007C27F0 /* FirebaseAnalytics in Frameworks */,
				47C40F73295CBB41007C27F0 /* FirebaseDynamicLinks in Frameworks */,
				47C40F7D295CBB42007C27F0 /* FirebaseRemoteConfigSwift in Frameworks */,
				47C40F79295CBB42007C27F0 /* FirebasePerformance in Frameworks */,
				47C40F75295CBB42007C27F0 /* FirebaseFirestore in Frameworks */,
			);
			runOnlyForDeploymentPostprocessing = 0;
		};
		47C40EF6295CB931007C27F0 /* Frameworks */ = {
			isa = PBXFrameworksBuildPhase;
			buildActionMask = 2147483647;
			files = (
			);
			runOnlyForDeploymentPostprocessing = 0;
		};
		47C40F00295CB931007C27F0 /* Frameworks */ = {
			isa = PBXFrameworksBuildPhase;
			buildActionMask = 2147483647;
			files = (
			);
			runOnlyForDeploymentPostprocessing = 0;
		};
/* End PBXFrameworksBuildPhase section */

/* Begin PBXGroup section */
		47C40EDA295CB930007C27F0 = {
			isa = PBXGroup;
			children = (
				47C40EE5295CB930007C27F0 /* uscdatingclub-ios */,
				47C40EFC295CB931007C27F0 /* uscdatingclub-iosTests */,
				47C40F06295CB931007C27F0 /* uscdatingclub-iosUITests */,
				47C40EE4295CB930007C27F0 /* Products */,
			);
			sourceTree = "<group>";
		};
		47C40EE4295CB930007C27F0 /* Products */ = {
			isa = PBXGroup;
			children = (
				47C40EE3295CB930007C27F0 /* uscdatingclub-ios.app */,
				47C40EF9295CB931007C27F0 /* uscdatingclub-iosTests.xctest */,
				47C40F03295CB931007C27F0 /* uscdatingclub-iosUITests.xctest */,
			);
			name = Products;
			sourceTree = "<group>";
		};
		47C40EE5295CB930007C27F0 /* uscdatingclub-ios */ = {
			isa = PBXGroup;
			children = (
				47C40EF4295CB931007C27F0 /* Info.plist */,
				47C40F16295CBAB7007C27F0 /* GoogleService-Info.plist */,
				47C40F7E295CBB6A007C27F0 /* uscdatingclub-ios.entitlements */,
				47C40EEF295CB931007C27F0 /* Assets.xcassets */,
				47C40F5B295CBAF0007C27F0 /* Model */,
				47C40F97295CBD49007C27F0 /* View */,
				47C40F96295CBD36007C27F0 /* Controller */,
				47C40F62295CBAFE007C27F0 /* Managers */,
				47C40F7F295CBBBD007C27F0 /* AdditionalFiles */,
			);
			path = "uscdatingclub-ios";
			sourceTree = "<group>";
		};
		47C40EFC295CB931007C27F0 /* uscdatingclub-iosTests */ = {
			isa = PBXGroup;
			children = (
				47C40EFD295CB931007C27F0 /* uscdatingclub_iosTests.swift */,
			);
			path = "uscdatingclub-iosTests";
			sourceTree = "<group>";
		};
		47C40F06295CB931007C27F0 /* uscdatingclub-iosUITests */ = {
			isa = PBXGroup;
			children = (
				47C40F07295CB931007C27F0 /* uscdatingclub_iosUITests.swift */,
				47C40F09295CB931007C27F0 /* uscdatingclub_iosUITestsLaunchTests.swift */,
			);
			path = "uscdatingclub-iosUITests";
			sourceTree = "<group>";
		};
		47C40F5B295CBAF0007C27F0 /* Model */ = {
			isa = PBXGroup;
			children = (
				47C40F5C295CBAF0007C27F0 /* Feature.swift */,
				47C40F5D295CBAF0007C27F0 /* DeviceService.swift */,
				47C40F5E295CBAF0007C27F0 /* Device.swift */,
			);
			path = Model;
			sourceTree = "<group>";
		};
		47C40F62295CBAFE007C27F0 /* Managers */ = {
			isa = PBXGroup;
			children = (
				47C40F63295CBAFE007C27F0 /* AppStoreReviewManager.swift */,
				47C40F64295CBAFE007C27F0 /* NotificationsManager.swift */,
				47C40F65295CBAFE007C27F0 /* LocationManager.swift */,
			);
			path = Managers;
			sourceTree = "<group>";
		};
		47C40F7F295CBBBD007C27F0 /* AdditionalFiles */ = {
			isa = PBXGroup;
			children = (
				47C40F80295CBBBD007C27F0 /* NotificationResponseHandler.swift */,
				47C40F82295CBBBD007C27F0 /* Constants */,
				47C40F85295CBBBD007C27F0 /* Extensions */,
			);
			path = AdditionalFiles;
			sourceTree = "<group>";
		};
		47C40F82295CBBBD007C27F0 /* Constants */ = {
			isa = PBXGroup;
			children = (
				47C40F83295CBBBD007C27F0 /* Constants.swift */,
				47C40F84295CBBBD007C27F0 /* RemoteConfig.swift */,
			);
			path = Constants;
			sourceTree = "<group>";
		};
		47C40F85295CBBBD007C27F0 /* Extensions */ = {
			isa = PBXGroup;
			children = (
				47C40F87295CBBBD007C27F0 /* Color+Hex.swift */,
				47C40F8A295CBBBD007C27F0 /* Encodable+Dict.swift */,
			);
			path = Extensions;
			sourceTree = "<group>";
		};
		47C40F96295CBD36007C27F0 /* Controller */ = {
			isa = PBXGroup;
			children = (
				47C40F8B295CBBBD007C27F0 /* AppDelegate.swift */,
				47C40EE8295CB930007C27F0 /* SceneDelegate.swift */,
				47C40EEA295CB930007C27F0 /* ViewController.swift */,
			);
			path = Controller;
			sourceTree = "<group>";
		};
		47C40F97295CBD49007C27F0 /* View */ = {
			isa = PBXGroup;
			children = (
				47C40EEC295CB930007C27F0 /* Main.storyboard */,
				47C40EF1295CB931007C27F0 /* LaunchScreen.storyboard */,
			);
			path = View;
			sourceTree = "<group>";
		};
/* End PBXGroup section */

/* Begin PBXNativeTarget section */
		47C40EE2295CB930007C27F0 /* uscdatingclub-ios */ = {
			isa = PBXNativeTarget;
			buildConfigurationList = 47C40F0D295CB931007C27F0 /* Build configuration list for PBXNativeTarget "uscdatingclub-ios" */;
			buildPhases = (
				47C40EDF295CB930007C27F0 /* Sources */,
				47C40EE0295CB930007C27F0 /* Frameworks */,
				47C40EE1295CB930007C27F0 /* Resources */,
			);
			buildRules = (
			);
			dependencies = (
			);
			name = "uscdatingclub-ios";
			packageProductDependencies = (
				47C40F6A295CBB41007C27F0 /* FirebaseAnalytics */,
				47C40F6C295CBB41007C27F0 /* FirebaseAnalyticsSwift */,
				47C40F6E295CBB41007C27F0 /* FirebaseAppCheck */,
				47C40F70295CBB41007C27F0 /* FirebaseCrashlytics */,
				47C40F72295CBB41007C27F0 /* FirebaseDynamicLinks */,
				47C40F74295CBB42007C27F0 /* FirebaseFirestore */,
				47C40F76295CBB42007C27F0 /* FirebaseFirestoreSwift */,
				47C40F78295CBB42007C27F0 /* FirebasePerformance */,
				47C40F7A295CBB42007C27F0 /* FirebaseRemoteConfig */,
				47C40F7C295CBB42007C27F0 /* FirebaseRemoteConfigSwift */,
			);
			productName = "uscdatingclub-ios";
			productReference = 47C40EE3295CB930007C27F0 /* uscdatingclub-ios.app */;
			productType = "com.apple.product-type.application";
		};
		47C40EF8295CB931007C27F0 /* uscdatingclub-iosTests */ = {
			isa = PBXNativeTarget;
			buildConfigurationList = 47C40F10295CB931007C27F0 /* Build configuration list for PBXNativeTarget "uscdatingclub-iosTests" */;
			buildPhases = (
				47C40EF5295CB931007C27F0 /* Sources */,
				47C40EF6295CB931007C27F0 /* Frameworks */,
				47C40EF7295CB931007C27F0 /* Resources */,
			);
			buildRules = (
			);
			dependencies = (
				47C40EFB295CB931007C27F0 /* PBXTargetDependency */,
			);
			name = "uscdatingclub-iosTests";
			productName = "uscdatingclub-iosTests";
			productReference = 47C40EF9295CB931007C27F0 /* uscdatingclub-iosTests.xctest */;
			productType = "com.apple.product-type.bundle.unit-test";
		};
		47C40F02295CB931007C27F0 /* uscdatingclub-iosUITests */ = {
			isa = PBXNativeTarget;
			buildConfigurationList = 47C40F13295CB931007C27F0 /* Build configuration list for PBXNativeTarget "uscdatingclub-iosUITests" */;
			buildPhases = (
				47C40EFF295CB931007C27F0 /* Sources */,
				47C40F00295CB931007C27F0 /* Frameworks */,
				47C40F01295CB931007C27F0 /* Resources */,
			);
			buildRules = (
			);
			dependencies = (
				47C40F05295CB931007C27F0 /* PBXTargetDependency */,
			);
			name = "uscdatingclub-iosUITests";
			productName = "uscdatingclub-iosUITests";
			productReference = 47C40F03295CB931007C27F0 /* uscdatingclub-iosUITests.xctest */;
			productType = "com.apple.product-type.bundle.ui-testing";
		};
/* End PBXNativeTarget section */

/* Begin PBXProject section */
		47C40EDB295CB930007C27F0 /* Project object */ = {
			isa = PBXProject;
			attributes = {
				BuildIndependentTargetsInParallel = 1;
				LastSwiftUpdateCheck = 1420;
				LastUpgradeCheck = 1420;
				TargetAttributes = {
					47C40EE2295CB930007C27F0 = {
						CreatedOnToolsVersion = 14.2;
					};
					47C40EF8295CB931007C27F0 = {
						CreatedOnToolsVersion = 14.2;
						TestTargetID = 47C40EE2295CB930007C27F0;
					};
					47C40F02295CB931007C27F0 = {
						CreatedOnToolsVersion = 14.2;
						TestTargetID = 47C40EE2295CB930007C27F0;
					};
				};
			};
			buildConfigurationList = 47C40EDE295CB930007C27F0 /* Build configuration list for PBXProject "uscdatingclub-ios" */;
			compatibilityVersion = "Xcode 14.0";
			developmentRegion = en;
			hasScannedForEncodings = 0;
			knownRegions = (
				en,
				Base,
			);
			mainGroup = 47C40EDA295CB930007C27F0;
			packageReferences = (
				47C40F69295CBB41007C27F0 /* XCRemoteSwiftPackageReference "firebase-ios-sdk" */,
			);
			productRefGroup = 47C40EE4295CB930007C27F0 /* Products */;
			projectDirPath = "";
			projectRoot = "";
			targets = (
				47C40EE2295CB930007C27F0 /* uscdatingclub-ios */,
				47C40EF8295CB931007C27F0 /* uscdatingclub-iosTests */,
				47C40F02295CB931007C27F0 /* uscdatingclub-iosUITests */,
			);
		};
/* End PBXProject section */

/* Begin PBXResourcesBuildPhase section */
		47C40EE1295CB930007C27F0 /* Resources */ = {
			isa = PBXResourcesBuildPhase;
			buildActionMask = 2147483647;
			files = (
				47C40EF3295CB931007C27F0 /* LaunchScreen.storyboard in Resources */,
				47C40F17295CBAB7007C27F0 /* GoogleService-Info.plist in Resources */,
				47C40EF0295CB931007C27F0 /* Assets.xcassets in Resources */,
				47C40EEE295CB930007C27F0 /* Main.storyboard in Resources */,
			);
			runOnlyForDeploymentPostprocessing = 0;
		};
		47C40EF7295CB931007C27F0 /* Resources */ = {
			isa = PBXResourcesBuildPhase;
			buildActionMask = 2147483647;
			files = (
			);
			runOnlyForDeploymentPostprocessing = 0;
		};
		47C40F01295CB931007C27F0 /* Resources */ = {
			isa = PBXResourcesBuildPhase;
			buildActionMask = 2147483647;
			files = (
			);
			runOnlyForDeploymentPostprocessing = 0;
		};
/* End PBXResourcesBuildPhase section */

/* Begin PBXSourcesBuildPhase section */
		47C40EDF295CB930007C27F0 /* Sources */ = {
			isa = PBXSourcesBuildPhase;
			buildActionMask = 2147483647;
			files = (
				47C40F5F295CBAF0007C27F0 /* Feature.swift in Sources */,
				47C40EEB295CB930007C27F0 /* ViewController.swift in Sources */,
				47C40F95295CBBBD007C27F0 /* AppDelegate.swift in Sources */,
				47C40F8F295CBBBD007C27F0 /* RemoteConfig.swift in Sources */,
				47C40F67295CBAFE007C27F0 /* NotificationsManager.swift in Sources */,
				47C40F91295CBBBD007C27F0 /* Color+Hex.swift in Sources */,
				47C40F61295CBAF0007C27F0 /* Device.swift in Sources */,
				47C40F66295CBAFE007C27F0 /* AppStoreReviewManager.swift in Sources */,
				47C40F94295CBBBD007C27F0 /* Encodable+Dict.swift in Sources */,
				47C40F8C295CBBBD007C27F0 /* NotificationResponseHandler.swift in Sources */,
				47C40EE9295CB930007C27F0 /* SceneDelegate.swift in Sources */,
				47C40F60295CBAF0007C27F0 /* DeviceService.swift in Sources */,
				47C40F68295CBAFE007C27F0 /* LocationManager.swift in Sources */,
				47C40F8E295CBBBD007C27F0 /* Constants.swift in Sources */,
			);
			runOnlyForDeploymentPostprocessing = 0;
		};
		47C40EF5295CB931007C27F0 /* Sources */ = {
			isa = PBXSourcesBuildPhase;
			buildActionMask = 2147483647;
			files = (
				47C40EFE295CB931007C27F0 /* uscdatingclub_iosTests.swift in Sources */,
			);
			runOnlyForDeploymentPostprocessing = 0;
		};
		47C40EFF295CB931007C27F0 /* Sources */ = {
			isa = PBXSourcesBuildPhase;
			buildActionMask = 2147483647;
			files = (
				47C40F08295CB931007C27F0 /* uscdatingclub_iosUITests.swift in Sources */,
				47C40F0A295CB931007C27F0 /* uscdatingclub_iosUITestsLaunchTests.swift in Sources */,
			);
			runOnlyForDeploymentPostprocessing = 0;
		};
/* End PBXSourcesBuildPhase section */

/* Begin PBXTargetDependency section */
		47C40EFB295CB931007C27F0 /* PBXTargetDependency */ = {
			isa = PBXTargetDependency;
			target = 47C40EE2295CB930007C27F0 /* uscdatingclub-ios */;
			targetProxy = 47C40EFA295CB931007C27F0 /* PBXContainerItemProxy */;
		};
		47C40F05295CB931007C27F0 /* PBXTargetDependency */ = {
			isa = PBXTargetDependency;
			target = 47C40EE2295CB930007C27F0 /* uscdatingclub-ios */;
			targetProxy = 47C40F04295CB931007C27F0 /* PBXContainerItemProxy */;
		};
/* End PBXTargetDependency section */

/* Begin PBXVariantGroup section */
		47C40EEC295CB930007C27F0 /* Main.storyboard */ = {
			isa = PBXVariantGroup;
			children = (
				47C40EED295CB930007C27F0 /* Base */,
			);
			name = Main.storyboard;
			sourceTree = "<group>";
		};
		47C40EF1295CB931007C27F0 /* LaunchScreen.storyboard */ = {
			isa = PBXVariantGroup;
			children = (
				47C40EF2295CB931007C27F0 /* Base */,
			);
			name = LaunchScreen.storyboard;
			sourceTree = "<group>";
		};
/* End PBXVariantGroup section */

/* Begin XCBuildConfiguration section */
		47C40F0B295CB931007C27F0 /* Debug */ = {
			isa = XCBuildConfiguration;
			buildSettings = {
				ALWAYS_SEARCH_USER_PATHS = NO;
				CLANG_ANALYZER_NONNULL = YES;
				CLANG_ANALYZER_NUMBER_OBJECT_CONVERSION = YES_AGGRESSIVE;
				CLANG_CXX_LANGUAGE_STANDARD = "gnu++20";
				CLANG_ENABLE_MODULES = YES;
				CLANG_ENABLE_OBJC_ARC = YES;
				CLANG_ENABLE_OBJC_WEAK = YES;
				CLANG_WARN_BLOCK_CAPTURE_AUTORELEASING = YES;
				CLANG_WARN_BOOL_CONVERSION = YES;
				CLANG_WARN_COMMA = YES;
				CLANG_WARN_CONSTANT_CONVERSION = YES;
				CLANG_WARN_DEPRECATED_OBJC_IMPLEMENTATIONS = YES;
				CLANG_WARN_DIRECT_OBJC_ISA_USAGE = YES_ERROR;
				CLANG_WARN_DOCUMENTATION_COMMENTS = YES;
				CLANG_WARN_EMPTY_BODY = YES;
				CLANG_WARN_ENUM_CONVERSION = YES;
				CLANG_WARN_INFINITE_RECURSION = YES;
				CLANG_WARN_INT_CONVERSION = YES;
				CLANG_WARN_NON_LITERAL_NULL_CONVERSION = YES;
				CLANG_WARN_OBJC_IMPLICIT_RETAIN_SELF = YES;
				CLANG_WARN_OBJC_LITERAL_CONVERSION = YES;
				CLANG_WARN_OBJC_ROOT_CLASS = YES_ERROR;
				CLANG_WARN_QUOTED_INCLUDE_IN_FRAMEWORK_HEADER = YES;
				CLANG_WARN_RANGE_LOOP_ANALYSIS = YES;
				CLANG_WARN_STRICT_PROTOTYPES = YES;
				CLANG_WARN_SUSPICIOUS_MOVE = YES;
				CLANG_WARN_UNGUARDED_AVAILABILITY = YES_AGGRESSIVE;
				CLANG_WARN_UNREACHABLE_CODE = YES;
				CLANG_WARN__DUPLICATE_METHOD_MATCH = YES;
				COPY_PHASE_STRIP = NO;
				DEBUG_INFORMATION_FORMAT = dwarf;
				ENABLE_STRICT_OBJC_MSGSEND = YES;
				ENABLE_TESTABILITY = YES;
				GCC_C_LANGUAGE_STANDARD = gnu11;
				GCC_DYNAMIC_NO_PIC = NO;
				GCC_NO_COMMON_BLOCKS = YES;
				GCC_OPTIMIZATION_LEVEL = 0;
				GCC_PREPROCESSOR_DEFINITIONS = (
					"DEBUG=1",
					"$(inherited)",
				);
				GCC_WARN_64_TO_32_BIT_CONVERSION = YES;
				GCC_WARN_ABOUT_RETURN_TYPE = YES_ERROR;
				GCC_WARN_UNDECLARED_SELECTOR = YES;
				GCC_WARN_UNINITIALIZED_AUTOS = YES_AGGRESSIVE;
				GCC_WARN_UNUSED_FUNCTION = YES;
				GCC_WARN_UNUSED_VARIABLE = YES;
				IPHONEOS_DEPLOYMENT_TARGET = 15.0;
				MTL_ENABLE_DEBUG_INFO = INCLUDE_SOURCE;
				MTL_FAST_MATH = YES;
				ONLY_ACTIVE_ARCH = YES;
				SDKROOT = iphoneos;
				SWIFT_ACTIVE_COMPILATION_CONDITIONS = DEBUG;
				SWIFT_OPTIMIZATION_LEVEL = "-Onone";
			};
			name = Debug;
		};
		47C40F0C295CB931007C27F0 /* Release */ = {
			isa = XCBuildConfiguration;
			buildSettings = {
				ALWAYS_SEARCH_USER_PATHS = NO;
				CLANG_ANALYZER_NONNULL = YES;
				CLANG_ANALYZER_NUMBER_OBJECT_CONVERSION = YES_AGGRESSIVE;
				CLANG_CXX_LANGUAGE_STANDARD = "gnu++20";
				CLANG_ENABLE_MODULES = YES;
				CLANG_ENABLE_OBJC_ARC = YES;
				CLANG_ENABLE_OBJC_WEAK = YES;
				CLANG_WARN_BLOCK_CAPTURE_AUTORELEASING = YES;
				CLANG_WARN_BOOL_CONVERSION = YES;
				CLANG_WARN_COMMA = YES;
				CLANG_WARN_CONSTANT_CONVERSION = YES;
				CLANG_WARN_DEPRECATED_OBJC_IMPLEMENTATIONS = YES;
				CLANG_WARN_DIRECT_OBJC_ISA_USAGE = YES_ERROR;
				CLANG_WARN_DOCUMENTATION_COMMENTS = YES;
				CLANG_WARN_EMPTY_BODY = YES;
				CLANG_WARN_ENUM_CONVERSION = YES;
				CLANG_WARN_INFINITE_RECURSION = YES;
				CLANG_WARN_INT_CONVERSION = YES;
				CLANG_WARN_NON_LITERAL_NULL_CONVERSION = YES;
				CLANG_WARN_OBJC_IMPLICIT_RETAIN_SELF = YES;
				CLANG_WARN_OBJC_LITERAL_CONVERSION = YES;
				CLANG_WARN_OBJC_ROOT_CLASS = YES_ERROR;
				CLANG_WARN_QUOTED_INCLUDE_IN_FRAMEWORK_HEADER = YES;
				CLANG_WARN_RANGE_LOOP_ANALYSIS = YES;
				CLANG_WARN_STRICT_PROTOTYPES = YES;
				CLANG_WARN_SUSPICIOUS_MOVE = YES;
				CLANG_WARN_UNGUARDED_AVAILABILITY = YES_AGGRESSIVE;
				CLANG_WARN_UNREACHABLE_CODE = YES;
				CLANG_WARN__DUPLICATE_METHOD_MATCH = YES;
				COPY_PHASE_STRIP = NO;
				DEBUG_INFORMATION_FORMAT = "dwarf-with-dsym";
				ENABLE_NS_ASSERTIONS = NO;
				ENABLE_STRICT_OBJC_MSGSEND = YES;
				GCC_C_LANGUAGE_STANDARD = gnu11;
				GCC_NO_COMMON_BLOCKS = YES;
				GCC_WARN_64_TO_32_BIT_CONVERSION = YES;
				GCC_WARN_ABOUT_RETURN_TYPE = YES_ERROR;
				GCC_WARN_UNDECLARED_SELECTOR = YES;
				GCC_WARN_UNINITIALIZED_AUTOS = YES_AGGRESSIVE;
				GCC_WARN_UNUSED_FUNCTION = YES;
				GCC_WARN_UNUSED_VARIABLE = YES;
				IPHONEOS_DEPLOYMENT_TARGET = 15.0;
				MTL_ENABLE_DEBUG_INFO = NO;
				MTL_FAST_MATH = YES;
				SDKROOT = iphoneos;
				SWIFT_COMPILATION_MODE = wholemodule;
				SWIFT_OPTIMIZATION_LEVEL = "-O";
				VALIDATE_PRODUCT = YES;
			};
			name = Release;
		};
		47C40F0E295CB931007C27F0 /* Debug */ = {
			isa = XCBuildConfiguration;
			buildSettings = {
				ASSETCATALOG_COMPILER_APPICON_NAME = AppIcon;
				ASSETCATALOG_COMPILER_GLOBAL_ACCENT_COLOR_NAME = AccentColor;
				CODE_SIGN_ENTITLEMENTS = "uscdatingclub-ios/uscdatingclub-ios.entitlements";
				CODE_SIGN_STYLE = Automatic;
				CURRENT_PROJECT_VERSION = 1;
				DEVELOPMENT_TEAM = SHD3A2G97F;
				GENERATE_INFOPLIST_FILE = YES;
				INFOPLIST_FILE = "uscdatingclub-ios/Info.plist";
				INFOPLIST_KEY_CFBundleDisplayName = "usc dating club";
				INFOPLIST_KEY_NSLocationAlwaysAndWhenInUseUsageDescription = "The app needs to continually check if a match is nearby while you aren't on the app";
				INFOPLIST_KEY_NSLocationWhenInUseUsageDescription = "Share your precise location to find out when a match is near you.";
				INFOPLIST_KEY_UIApplicationSupportsIndirectInputEvents = YES;
				INFOPLIST_KEY_UILaunchStoryboardName = LaunchScreen.storyboard;
				INFOPLIST_KEY_UIMainStoryboardFile = Main;
				INFOPLIST_KEY_UISupportedInterfaceOrientations = UIInterfaceOrientationPortrait;
				INFOPLIST_KEY_UISupportedInterfaceOrientations_iPad = "UIInterfaceOrientationLandscapeLeft UIInterfaceOrientationLandscapeRight UIInterfaceOrientationPortrait UIInterfaceOrientationPortraitUpsideDown";
				IPHONEOS_DEPLOYMENT_TARGET = 15.0;
				LD_RUNPATH_SEARCH_PATHS = (
					"$(inherited)",
					"@executable_path/Frameworks",
				);
				MARKETING_VERSION = 0.0.1;
				PRODUCT_BUNDLE_IDENTIFIER = "leaveylabs.uscdatingclub-ios";
				PRODUCT_NAME = "$(TARGET_NAME)";
				SUPPORTED_PLATFORMS = "iphoneos iphonesimulator";
				SUPPORTS_MACCATALYST = NO;
				SUPPORTS_MAC_DESIGNED_FOR_IPHONE_IPAD = NO;
				SWIFT_EMIT_LOC_STRINGS = YES;
				SWIFT_VERSION = 5.0;
				TARGETED_DEVICE_FAMILY = 1;
			};
			name = Debug;
		};
		47C40F0F295CB931007C27F0 /* Release */ = {
			isa = XCBuildConfiguration;
			buildSettings = {
				ASSETCATALOG_COMPILER_APPICON_NAME = AppIcon;
				ASSETCATALOG_COMPILER_GLOBAL_ACCENT_COLOR_NAME = AccentColor;
				CODE_SIGN_ENTITLEMENTS = "uscdatingclub-ios/uscdatingclub-ios.entitlements";
				CODE_SIGN_STYLE = Automatic;
				CURRENT_PROJECT_VERSION = 1;
				DEVELOPMENT_TEAM = SHD3A2G97F;
				GENERATE_INFOPLIST_FILE = YES;
				INFOPLIST_FILE = "uscdatingclub-ios/Info.plist";
				INFOPLIST_KEY_CFBundleDisplayName = "usc dating club";
				INFOPLIST_KEY_NSLocationAlwaysAndWhenInUseUsageDescription = "The app needs to continually check if a match is nearby while you aren't on the app";
				INFOPLIST_KEY_NSLocationWhenInUseUsageDescription = "Share your precise location to find out when a match is near you.";
				INFOPLIST_KEY_UIApplicationSupportsIndirectInputEvents = YES;
				INFOPLIST_KEY_UILaunchStoryboardName = LaunchScreen.storyboard;
				INFOPLIST_KEY_UIMainStoryboardFile = Main;
				INFOPLIST_KEY_UISupportedInterfaceOrientations = UIInterfaceOrientationPortrait;
				INFOPLIST_KEY_UISupportedInterfaceOrientations_iPad = "UIInterfaceOrientationLandscapeLeft UIInterfaceOrientationLandscapeRight UIInterfaceOrientationPortrait UIInterfaceOrientationPortraitUpsideDown";
				IPHONEOS_DEPLOYMENT_TARGET = 15.0;
				LD_RUNPATH_SEARCH_PATHS = (
					"$(inherited)",
					"@executable_path/Frameworks",
				);
				MARKETING_VERSION = 0.0.1;
				PRODUCT_BUNDLE_IDENTIFIER = "leaveylabs.uscdatingclub-ios";
				PRODUCT_NAME = "$(TARGET_NAME)";
				SUPPORTED_PLATFORMS = "iphoneos iphonesimulator";
				SUPPORTS_MACCATALYST = NO;
				SUPPORTS_MAC_DESIGNED_FOR_IPHONE_IPAD = NO;
				SWIFT_EMIT_LOC_STRINGS = YES;
				SWIFT_VERSION = 5.0;
				TARGETED_DEVICE_FAMILY = 1;
			};
			name = Release;
		};
		47C40F11295CB931007C27F0 /* Debug */ = {
			isa = XCBuildConfiguration;
			buildSettings = {
				ALWAYS_EMBED_SWIFT_STANDARD_LIBRARIES = YES;
				BUNDLE_LOADER = "$(TEST_HOST)";
				CODE_SIGN_STYLE = Automatic;
				CURRENT_PROJECT_VERSION = 1;
				DEVELOPMENT_TEAM = SHD3A2G97F;
				GENERATE_INFOPLIST_FILE = YES;
				IPHONEOS_DEPLOYMENT_TARGET = 16.2;
				MARKETING_VERSION = 1.0;
				PRODUCT_BUNDLE_IDENTIFIER = "leaveylabs.uscdatingclub-iosTests";
				PRODUCT_NAME = "$(TARGET_NAME)";
				SUPPORTED_PLATFORMS = "iphoneos iphonesimulator";
				SUPPORTS_MACCATALYST = NO;
				SUPPORTS_MAC_DESIGNED_FOR_IPHONE_IPAD = NO;
				SWIFT_EMIT_LOC_STRINGS = NO;
				SWIFT_VERSION = 5.0;
				TARGETED_DEVICE_FAMILY = 1;
				TEST_HOST = "$(BUILT_PRODUCTS_DIR)/uscdatingclub-ios.app/$(BUNDLE_EXECUTABLE_FOLDER_PATH)/uscdatingclub-ios";
			};
			name = Debug;
		};
		47C40F12295CB931007C27F0 /* Release */ = {
			isa = XCBuildConfiguration;
			buildSettings = {
				ALWAYS_EMBED_SWIFT_STANDARD_LIBRARIES = YES;
				BUNDLE_LOADER = "$(TEST_HOST)";
				CODE_SIGN_STYLE = Automatic;
				CURRENT_PROJECT_VERSION = 1;
				DEVELOPMENT_TEAM = SHD3A2G97F;
				GENERATE_INFOPLIST_FILE = YES;
				IPHONEOS_DEPLOYMENT_TARGET = 16.2;
				MARKETING_VERSION = 1.0;
				PRODUCT_BUNDLE_IDENTIFIER = "leaveylabs.uscdatingclub-iosTests";
				PRODUCT_NAME = "$(TARGET_NAME)";
				SUPPORTED_PLATFORMS = "iphoneos iphonesimulator";
				SUPPORTS_MACCATALYST = NO;
				SUPPORTS_MAC_DESIGNED_FOR_IPHONE_IPAD = NO;
				SWIFT_EMIT_LOC_STRINGS = NO;
				SWIFT_VERSION = 5.0;
				TARGETED_DEVICE_FAMILY = 1;
				TEST_HOST = "$(BUILT_PRODUCTS_DIR)/uscdatingclub-ios.app/$(BUNDLE_EXECUTABLE_FOLDER_PATH)/uscdatingclub-ios";
			};
			name = Release;
		};
		47C40F14295CB931007C27F0 /* Debug */ = {
			isa = XCBuildConfiguration;
			buildSettings = {
				ALWAYS_EMBED_SWIFT_STANDARD_LIBRARIES = YES;
				CODE_SIGN_STYLE = Automatic;
				CURRENT_PROJECT_VERSION = 1;
				DEVELOPMENT_TEAM = SHD3A2G97F;
				GENERATE_INFOPLIST_FILE = YES;
				MARKETING_VERSION = 1.0;
				PRODUCT_BUNDLE_IDENTIFIER = "leaveylabs.uscdatingclub-iosUITests";
				PRODUCT_NAME = "$(TARGET_NAME)";
				SUPPORTED_PLATFORMS = "iphoneos iphonesimulator";
				SUPPORTS_MACCATALYST = NO;
				SUPPORTS_MAC_DESIGNED_FOR_IPHONE_IPAD = NO;
				SWIFT_EMIT_LOC_STRINGS = NO;
				SWIFT_VERSION = 5.0;
				TARGETED_DEVICE_FAMILY = 1;
				TEST_TARGET_NAME = "uscdatingclub-ios";
			};
			name = Debug;
		};
		47C40F15295CB931007C27F0 /* Release */ = {
			isa = XCBuildConfiguration;
			buildSettings = {
				ALWAYS_EMBED_SWIFT_STANDARD_LIBRARIES = YES;
				CODE_SIGN_STYLE = Automatic;
				CURRENT_PROJECT_VERSION = 1;
				DEVELOPMENT_TEAM = SHD3A2G97F;
				GENERATE_INFOPLIST_FILE = YES;
				MARKETING_VERSION = 1.0;
				PRODUCT_BUNDLE_IDENTIFIER = "leaveylabs.uscdatingclub-iosUITests";
				PRODUCT_NAME = "$(TARGET_NAME)";
				SUPPORTED_PLATFORMS = "iphoneos iphonesimulator";
				SUPPORTS_MACCATALYST = NO;
				SUPPORTS_MAC_DESIGNED_FOR_IPHONE_IPAD = NO;
				SWIFT_EMIT_LOC_STRINGS = NO;
				SWIFT_VERSION = 5.0;
				TARGETED_DEVICE_FAMILY = 1;
				TEST_TARGET_NAME = "uscdatingclub-ios";
			};
			name = Release;
		};
/* End XCBuildConfiguration section */

/* Begin XCConfigurationList section */
		47C40EDE295CB930007C27F0 /* Build configuration list for PBXProject "uscdatingclub-ios" */ = {
			isa = XCConfigurationList;
			buildConfigurations = (
				47C40F0B295CB931007C27F0 /* Debug */,
				47C40F0C295CB931007C27F0 /* Release */,
			);
			defaultConfigurationIsVisible = 0;
			defaultConfigurationName = Release;
		};
		47C40F0D295CB931007C27F0 /* Build configuration list for PBXNativeTarget "uscdatingclub-ios" */ = {
			isa = XCConfigurationList;
			buildConfigurations = (
				47C40F0E295CB931007C27F0 /* Debug */,
				47C40F0F295CB931007C27F0 /* Release */,
			);
			defaultConfigurationIsVisible = 0;
			defaultConfigurationName = Release;
		};
		47C40F10295CB931007C27F0 /* Build configuration list for PBXNativeTarget "uscdatingclub-iosTests" */ = {
			isa = XCConfigurationList;
			buildConfigurations = (
				47C40F11295CB931007C27F0 /* Debug */,
				47C40F12295CB931007C27F0 /* Release */,
			);
			defaultConfigurationIsVisible = 0;
			defaultConfigurationName = Release;
		};
		47C40F13295CB931007C27F0 /* Build configuration list for PBXNativeTarget "uscdatingclub-iosUITests" */ = {
			isa = XCConfigurationList;
			buildConfigurations = (
				47C40F14295CB931007C27F0 /* Debug */,
				47C40F15295CB931007C27F0 /* Release */,
			);
			defaultConfigurationIsVisible = 0;
			defaultConfigurationName = Release;
		};
/* End XCConfigurationList section */

/* Begin XCRemoteSwiftPackageReference section */
		47C40F69295CBB41007C27F0 /* XCRemoteSwiftPackageReference "firebase-ios-sdk" */ = {
			isa = XCRemoteSwiftPackageReference;
			repositoryURL = "https://github.com/firebase/firebase-ios-sdk.git";
			requirement = {
				branch = master;
				kind = branch;
			};
		};
/* End XCRemoteSwiftPackageReference section */

/* Begin XCSwiftPackageProductDependency section */
		47C40F6A295CBB41007C27F0 /* FirebaseAnalytics */ = {
			isa = XCSwiftPackageProductDependency;
			package = 47C40F69295CBB41007C27F0 /* XCRemoteSwiftPackageReference "firebase-ios-sdk" */;
			productName = FirebaseAnalytics;
		};
		47C40F6C295CBB41007C27F0 /* FirebaseAnalyticsSwift */ = {
			isa = XCSwiftPackageProductDependency;
			package = 47C40F69295CBB41007C27F0 /* XCRemoteSwiftPackageReference "firebase-ios-sdk" */;
			productName = FirebaseAnalyticsSwift;
		};
		47C40F6E295CBB41007C27F0 /* FirebaseAppCheck */ = {
			isa = XCSwiftPackageProductDependency;
			package = 47C40F69295CBB41007C27F0 /* XCRemoteSwiftPackageReference "firebase-ios-sdk" */;
			productName = FirebaseAppCheck;
		};
		47C40F70295CBB41007C27F0 /* FirebaseCrashlytics */ = {
			isa = XCSwiftPackageProductDependency;
			package = 47C40F69295CBB41007C27F0 /* XCRemoteSwiftPackageReference "firebase-ios-sdk" */;
			productName = FirebaseCrashlytics;
		};
		47C40F72295CBB41007C27F0 /* FirebaseDynamicLinks */ = {
			isa = XCSwiftPackageProductDependency;
			package = 47C40F69295CBB41007C27F0 /* XCRemoteSwiftPackageReference "firebase-ios-sdk" */;
			productName = FirebaseDynamicLinks;
		};
		47C40F74295CBB42007C27F0 /* FirebaseFirestore */ = {
			isa = XCSwiftPackageProductDependency;
			package = 47C40F69295CBB41007C27F0 /* XCRemoteSwiftPackageReference "firebase-ios-sdk" */;
			productName = FirebaseFirestore;
		};
		47C40F76295CBB42007C27F0 /* FirebaseFirestoreSwift */ = {
			isa = XCSwiftPackageProductDependency;
			package = 47C40F69295CBB41007C27F0 /* XCRemoteSwiftPackageReference "firebase-ios-sdk" */;
			productName = FirebaseFirestoreSwift;
		};
		47C40F78295CBB42007C27F0 /* FirebasePerformance */ = {
			isa = XCSwiftPackageProductDependency;
			package = 47C40F69295CBB41007C27F0 /* XCRemoteSwiftPackageReference "firebase-ios-sdk" */;
			productName = FirebasePerformance;
		};
		47C40F7A295CBB42007C27F0 /* FirebaseRemoteConfig */ = {
			isa = XCSwiftPackageProductDependency;
			package = 47C40F69295CBB41007C27F0 /* XCRemoteSwiftPackageReference "firebase-ios-sdk" */;
			productName = FirebaseRemoteConfig;
		};
		47C40F7C295CBB42007C27F0 /* FirebaseRemoteConfigSwift */ = {
			isa = XCSwiftPackageProductDependency;
			package = 47C40F69295CBB41007C27F0 /* XCRemoteSwiftPackageReference "firebase-ios-sdk" */;
			productName = FirebaseRemoteConfigSwift;
		};
/* End XCSwiftPackageProductDependency section */
	};
	rootObject = 47C40EDB295CB930007C27F0 /* Project object */;
}
